
Microsoft Visual Studio Solution File, Format Version 12.00
# Visual Studio Version 17
VisualStudioVersion = 17.4.33213.308
MinimumVisualStudioVersion = 10.0.40219.1
Project("{2150E333-8FDC-42A3-9474-1A3956D46DE8}") = "Src", "Src", "{7080D95A-39E8-418A-BA03-99ED89D4020E}"
EndProject
Project("{9A19103F-16F7-4668-BE54-9A1E7A4F7556}") = "DDD.Core.Abstractions", "Src\DDD.Core.Abstractions\DDD.Core.Abstractions.csproj", "{596A8700-3D18-4A62-B200-1F78A9EA4617}"
EndProject
Project("{2150E333-8FDC-42A3-9474-1A3956D46DE8}") = "Test", "Test", "{1DF607A2-5750-4BF4-AB2F-E21EC51ECCA0}"
EndProject
Project("{9A19103F-16F7-4668-BE54-9A1E7A4F7556}") = "DDD.Core.UnitTests", "Test\DDD.Core.UnitTests\DDD.Core.UnitTests.csproj", "{63505329-BD97-4C75-B7D7-77FB42670E79}"
EndProject
Project("{9A19103F-16F7-4668-BE54-9A1E7A4F7556}") = "DDD.Core.Xunit", "Src\DDD.Core.Xunit\DDD.Core.Xunit.csproj", "{62B652DE-4CC9-4B85-8AE9-D66CEEA358DD}"
EndProject
Project("{9A19103F-16F7-4668-BE54-9A1E7A4F7556}") = "DDD.Core.Dapper", "Src\DDD.Core.Dapper\DDD.Core.Dapper.csproj", "{701DA58B-AE36-429F-8621-64109B8D29D7}"
EndProject
Project("{9A19103F-16F7-4668-BE54-9A1E7A4F7556}") = "DDD.Core.Abstractions.UnitTests", "Test\DDD.Core.Abstractions.UnitTests\DDD.Core.Abstractions.UnitTests.csproj", "{9CC062C7-73EA-49B4-B694-31A5F48FD09D}"
EndProject
Project("{9A19103F-16F7-4668-BE54-9A1E7A4F7556}") = "DDD.Core", "Src\DDD.Core\DDD.Core.csproj", "{C6C3E419-B9AA-44AD-9DBF-789294687AE6}"
EndProject
Project("{9A19103F-16F7-4668-BE54-9A1E7A4F7556}") = "DDD.HealthcareDelivery", "Src\DDD.HealthcareDelivery\DDD.HealthcareDelivery.csproj", "{5B8FFFD3-9A1C-4620-9DB3-CD76CD9E79BF}"
EndProject
Project("{9A19103F-16F7-4668-BE54-9A1E7A4F7556}") = "DDD.Common", "Src\DDD.Common\DDD.Common.csproj", "{0B70B4FD-F5A0-4A6C-A3FD-90031E08C1C2}"
EndProject
Project("{9A19103F-16F7-4668-BE54-9A1E7A4F7556}") = "DDD.Common.UnitTests", "Test\DDD.Common.UnitTests\DDD.Common.UnitTests.csproj", "{25F6B88A-4EFA-4516-BB7A-34ED68548636}"
EndProject
Project("{9A19103F-16F7-4668-BE54-9A1E7A4F7556}") = "DDD.Core.EntityFramework", "Src\DDD.Core.EntityFramework\DDD.Core.EntityFramework.csproj", "{6D227AA7-FF90-48CA-B13D-ED23C1FFFBA5}"
EndProject
Project("{9A19103F-16F7-4668-BE54-9A1E7A4F7556}") = "DDD.HealthcareDelivery.IntegrationTests", "Test\DDD.HealthcareDelivery.IntegrationTests\DDD.HealthcareDelivery.IntegrationTests.csproj", "{B53007C7-B314-40DF-B6E7-6C6576A5611C}"
EndProject
Project("{9A19103F-16F7-4668-BE54-9A1E7A4F7556}") = "DDD.Core.FluentValidation", "Src\DDD.Core.FluentValidation\DDD.Core.FluentValidation.csproj", "{5E3745FC-CA80-4D0F-8A25-20EE0F9CF163}"
EndProject
Project("{9A19103F-16F7-4668-BE54-9A1E7A4F7556}") = "DDD.HealthcareDelivery.UnitTests", "Test\DDD.HealthcareDelivery.UnitTests\DDD.HealthcareDelivery.UnitTests.csproj", "{CA376D7C-2A71-4518-B297-4C4A08DBF19D}"
EndProject
Project("{2150E333-8FDC-42A3-9474-1A3956D46DE8}") = "Doc", "Doc", "{862B0E9C-B685-4C40-ACFB-83A193C82254}"
	ProjectSection(SolutionItems) = preProject
		Doc\CommandComponents.png = Doc\CommandComponents.png
		Doc\CommandSide.png = Doc\CommandSide.png
		Doc\EntityFrameworkMapping.png = Doc\EntityFrameworkMapping.png
		Doc\NHibernateMapping.png = Doc\NHibernateMapping.png
		Doc\PrescriptionLifecycle.png = Doc\PrescriptionLifecycle.png
		Doc\QueryComponents.png = Doc\QueryComponents.png
		Doc\QuerySide.png = Doc\QuerySide.png
	EndProjectSection
EndProject
Project("{9A19103F-16F7-4668-BE54-9A1E7A4F7556}") = "DDD.Core.Newtonsoft", "Src\DDD.Core.Newtonsoft\DDD.Core.Newtonsoft.csproj", "{8BF8E0BD-B92C-4FC1-BE17-7C10036A2FE2}"
EndProject
Project("{2150E333-8FDC-42A3-9474-1A3956D46DE8}") = "Build", "Build", "{C4C73BC8-47A5-4D1C-AFA6-10B16DC8BBEE}"
	ProjectSection(SolutionItems) = preProject
		Build\CommonAssemblyInfo.cs = Build\CommonAssemblyInfo.cs
	EndProjectSection
EndProject
Project("{9A19103F-16F7-4668-BE54-9A1E7A4F7556}") = "DDD.Core.Messages", "Src\DDD.Core.Messages\DDD.Core.Messages.csproj", "{2438B31A-3A39-4878-81FA-BE5AE715EAE5}"
EndProject
Project("{9A19103F-16F7-4668-BE54-9A1E7A4F7556}") = "DDD.HealthcareDelivery.Messages", "Src\DDD.HealthcareDelivery.Messages\DDD.HealthcareDelivery.Messages.csproj", "{B8BB212C-8AFC-4258-A023-EB1F6937F53D}"
EndProject
Project("{9A19103F-16F7-4668-BE54-9A1E7A4F7556}") = "DDD.Common.Messages", "Src\DDD.Common.Messages\DDD.Common.Messages.csproj", "{40A849C5-C8D7-4F76-856A-138AED73A6C3}"
EndProject
Project("{9A19103F-16F7-4668-BE54-9A1E7A4F7556}") = "DDD.Core.SimpleInjector", "Src\DDD.Core.SimpleInjector\DDD.Core.SimpleInjector.csproj", "{3EFAACD8-CF5E-4E31-884B-6B9F87F1E495}"
EndProject
Project("{9A19103F-16F7-4668-BE54-9A1E7A4F7556}") = "DDD.Core.Polly", "Src\DDD.Core.Polly\DDD.Core.Polly.csproj", "{4878A4FB-2C1E-4C06-BB42-AFE1ACE2A882}"
EndProject
Project("{9A19103F-16F7-4668-BE54-9A1E7A4F7556}") = "DDD.Core.Newtonsoft.UnitTests", "Test\DDD.Core.Newtonsoft.UnitTests\DDD.Core.Newtonsoft.UnitTests.csproj", "{79451079-0453-4FCF-B929-486F29A921A3}"
EndProject
Project("{9A19103F-16F7-4668-BE54-9A1E7A4F7556}") = "DDD.Core.Dapper.IntegrationTests", "Test\DDD.Core.Dapper.IntegrationTests\DDD.Core.Dapper.IntegrationTests.csproj", "{BE9741AF-8BA6-4314-BD8B-12D45AD40BCB}"
EndProject
Project("{9A19103F-16F7-4668-BE54-9A1E7A4F7556}") = "DDD.Core.Dapper.Oracle", "Src\DDD.Core.Dapper.Oracle\DDD.Core.Dapper.Oracle.csproj", "{B35C230E-153B-4D97-9CB6-87009205E632}"
EndProject
Project("{9A19103F-16F7-4668-BE54-9A1E7A4F7556}") = "DDD.Core.NSubstitute", "Src\DDD.Core.NSubstitute\DDD.Core.NSubstitute.csproj", "{437A3000-7858-4627-BDA9-5E80871DFE02}"
EndProject
Project("{9A19103F-16F7-4668-BE54-9A1E7A4F7556}") = "DDD.Core.Cronos", "Src\DDD.Core.Cronos\DDD.Core.Cronos.csproj", "{F6AF43B9-6C04-43EB-8FFB-04A8B64196AB}"
EndProject
Project("{9A19103F-16F7-4668-BE54-9A1E7A4F7556}") = "DDD.Core.SimpleInjector.FluentValidation", "Src\DDD.Core.SimpleInjector.FluentValidation\DDD.Core.SimpleInjector.FluentValidation.csproj", "{50B31BF5-F66F-4ED4-8D9F-C874264A1030}"
EndProject
Project("{FAE04EC0-301F-11D3-BF4B-00C04F79EFBC}") = "DDD.Core.SimpleInjector.UnitTests", "Test\DDD.Core.SimpleInjector.UnitTests\DDD.Core.SimpleInjector.UnitTests.csproj", "{077DB696-B758-48B9-8775-2AD0039281D4}"
EndProject
Global
	GlobalSection(SolutionConfigurationPlatforms) = preSolution
		Debug|Any CPU = Debug|Any CPU
		Release|Any CPU = Release|Any CPU
	EndGlobalSection
	GlobalSection(ProjectConfigurationPlatforms) = postSolution
		{596A8700-3D18-4A62-B200-1F78A9EA4617}.Debug|Any CPU.ActiveCfg = Debug|Any CPU
		{596A8700-3D18-4A62-B200-1F78A9EA4617}.Debug|Any CPU.Build.0 = Debug|Any CPU
		{596A8700-3D18-4A62-B200-1F78A9EA4617}.Release|Any CPU.ActiveCfg = Release|Any CPU
		{596A8700-3D18-4A62-B200-1F78A9EA4617}.Release|Any CPU.Build.0 = Release|Any CPU
		{63505329-BD97-4C75-B7D7-77FB42670E79}.Debug|Any CPU.ActiveCfg = Debug|Any CPU
		{63505329-BD97-4C75-B7D7-77FB42670E79}.Debug|Any CPU.Build.0 = Debug|Any CPU
		{63505329-BD97-4C75-B7D7-77FB42670E79}.Release|Any CPU.ActiveCfg = Release|Any CPU
		{63505329-BD97-4C75-B7D7-77FB42670E79}.Release|Any CPU.Build.0 = Release|Any CPU
		{62B652DE-4CC9-4B85-8AE9-D66CEEA358DD}.Debug|Any CPU.ActiveCfg = Debug|Any CPU
		{62B652DE-4CC9-4B85-8AE9-D66CEEA358DD}.Debug|Any CPU.Build.0 = Debug|Any CPU
		{62B652DE-4CC9-4B85-8AE9-D66CEEA358DD}.Release|Any CPU.ActiveCfg = Release|Any CPU
		{62B652DE-4CC9-4B85-8AE9-D66CEEA358DD}.Release|Any CPU.Build.0 = Release|Any CPU
		{701DA58B-AE36-429F-8621-64109B8D29D7}.Debug|Any CPU.ActiveCfg = Debug|Any CPU
		{701DA58B-AE36-429F-8621-64109B8D29D7}.Debug|Any CPU.Build.0 = Debug|Any CPU
		{701DA58B-AE36-429F-8621-64109B8D29D7}.Release|Any CPU.ActiveCfg = Release|Any CPU
		{701DA58B-AE36-429F-8621-64109B8D29D7}.Release|Any CPU.Build.0 = Release|Any CPU
		{9CC062C7-73EA-49B4-B694-31A5F48FD09D}.Debug|Any CPU.ActiveCfg = Debug|Any CPU
		{9CC062C7-73EA-49B4-B694-31A5F48FD09D}.Debug|Any CPU.Build.0 = Debug|Any CPU
		{9CC062C7-73EA-49B4-B694-31A5F48FD09D}.Release|Any CPU.ActiveCfg = Release|Any CPU
		{9CC062C7-73EA-49B4-B694-31A5F48FD09D}.Release|Any CPU.Build.0 = Release|Any CPU
		{C6C3E419-B9AA-44AD-9DBF-789294687AE6}.Debug|Any CPU.ActiveCfg = Debug|Any CPU
		{C6C3E419-B9AA-44AD-9DBF-789294687AE6}.Debug|Any CPU.Build.0 = Debug|Any CPU
		{C6C3E419-B9AA-44AD-9DBF-789294687AE6}.Release|Any CPU.ActiveCfg = Release|Any CPU
		{C6C3E419-B9AA-44AD-9DBF-789294687AE6}.Release|Any CPU.Build.0 = Release|Any CPU
		{5B8FFFD3-9A1C-4620-9DB3-CD76CD9E79BF}.Debug|Any CPU.ActiveCfg = Debug|Any CPU
		{5B8FFFD3-9A1C-4620-9DB3-CD76CD9E79BF}.Debug|Any CPU.Build.0 = Debug|Any CPU
		{5B8FFFD3-9A1C-4620-9DB3-CD76CD9E79BF}.Release|Any CPU.ActiveCfg = Release|Any CPU
		{5B8FFFD3-9A1C-4620-9DB3-CD76CD9E79BF}.Release|Any CPU.Build.0 = Release|Any CPU
		{0B70B4FD-F5A0-4A6C-A3FD-90031E08C1C2}.Debug|Any CPU.ActiveCfg = Debug|Any CPU
		{0B70B4FD-F5A0-4A6C-A3FD-90031E08C1C2}.Debug|Any CPU.Build.0 = Debug|Any CPU
		{0B70B4FD-F5A0-4A6C-A3FD-90031E08C1C2}.Release|Any CPU.ActiveCfg = Release|Any CPU
		{0B70B4FD-F5A0-4A6C-A3FD-90031E08C1C2}.Release|Any CPU.Build.0 = Release|Any CPU
		{25F6B88A-4EFA-4516-BB7A-34ED68548636}.Debug|Any CPU.ActiveCfg = Debug|Any CPU
		{25F6B88A-4EFA-4516-BB7A-34ED68548636}.Debug|Any CPU.Build.0 = Debug|Any CPU
		{25F6B88A-4EFA-4516-BB7A-34ED68548636}.Release|Any CPU.ActiveCfg = Release|Any CPU
		{25F6B88A-4EFA-4516-BB7A-34ED68548636}.Release|Any CPU.Build.0 = Release|Any CPU
		{6D227AA7-FF90-48CA-B13D-ED23C1FFFBA5}.Debug|Any CPU.ActiveCfg = Debug|Any CPU
		{6D227AA7-FF90-48CA-B13D-ED23C1FFFBA5}.Debug|Any CPU.Build.0 = Debug|Any CPU
		{6D227AA7-FF90-48CA-B13D-ED23C1FFFBA5}.Release|Any CPU.ActiveCfg = Release|Any CPU
		{6D227AA7-FF90-48CA-B13D-ED23C1FFFBA5}.Release|Any CPU.Build.0 = Release|Any CPU
		{B53007C7-B314-40DF-B6E7-6C6576A5611C}.Debug|Any CPU.ActiveCfg = Debug|Any CPU
		{B53007C7-B314-40DF-B6E7-6C6576A5611C}.Debug|Any CPU.Build.0 = Debug|Any CPU
		{B53007C7-B314-40DF-B6E7-6C6576A5611C}.Release|Any CPU.ActiveCfg = Release|Any CPU
		{B53007C7-B314-40DF-B6E7-6C6576A5611C}.Release|Any CPU.Build.0 = Release|Any CPU
		{5E3745FC-CA80-4D0F-8A25-20EE0F9CF163}.Debug|Any CPU.ActiveCfg = Debug|Any CPU
		{5E3745FC-CA80-4D0F-8A25-20EE0F9CF163}.Debug|Any CPU.Build.0 = Debug|Any CPU
		{5E3745FC-CA80-4D0F-8A25-20EE0F9CF163}.Release|Any CPU.ActiveCfg = Release|Any CPU
		{5E3745FC-CA80-4D0F-8A25-20EE0F9CF163}.Release|Any CPU.Build.0 = Release|Any CPU
		{CA376D7C-2A71-4518-B297-4C4A08DBF19D}.Debug|Any CPU.ActiveCfg = Debug|Any CPU
		{CA376D7C-2A71-4518-B297-4C4A08DBF19D}.Debug|Any CPU.Build.0 = Debug|Any CPU
		{CA376D7C-2A71-4518-B297-4C4A08DBF19D}.Release|Any CPU.ActiveCfg = Release|Any CPU
		{CA376D7C-2A71-4518-B297-4C4A08DBF19D}.Release|Any CPU.Build.0 = Release|Any CPU
		{8BF8E0BD-B92C-4FC1-BE17-7C10036A2FE2}.Debug|Any CPU.ActiveCfg = Debug|Any CPU
		{8BF8E0BD-B92C-4FC1-BE17-7C10036A2FE2}.Debug|Any CPU.Build.0 = Debug|Any CPU
		{8BF8E0BD-B92C-4FC1-BE17-7C10036A2FE2}.Release|Any CPU.ActiveCfg = Release|Any CPU
		{8BF8E0BD-B92C-4FC1-BE17-7C10036A2FE2}.Release|Any CPU.Build.0 = Release|Any CPU
		{2438B31A-3A39-4878-81FA-BE5AE715EAE5}.Debug|Any CPU.ActiveCfg = Debug|Any CPU
		{2438B31A-3A39-4878-81FA-BE5AE715EAE5}.Debug|Any CPU.Build.0 = Debug|Any CPU
		{2438B31A-3A39-4878-81FA-BE5AE715EAE5}.Release|Any CPU.ActiveCfg = Release|Any CPU
		{2438B31A-3A39-4878-81FA-BE5AE715EAE5}.Release|Any CPU.Build.0 = Release|Any CPU
		{B8BB212C-8AFC-4258-A023-EB1F6937F53D}.Debug|Any CPU.ActiveCfg = Debug|Any CPU
		{B8BB212C-8AFC-4258-A023-EB1F6937F53D}.Debug|Any CPU.Build.0 = Debug|Any CPU
		{B8BB212C-8AFC-4258-A023-EB1F6937F53D}.Release|Any CPU.ActiveCfg = Release|Any CPU
		{B8BB212C-8AFC-4258-A023-EB1F6937F53D}.Release|Any CPU.Build.0 = Release|Any CPU
		{40A849C5-C8D7-4F76-856A-138AED73A6C3}.Debug|Any CPU.ActiveCfg = Debug|Any CPU
		{40A849C5-C8D7-4F76-856A-138AED73A6C3}.Debug|Any CPU.Build.0 = Debug|Any CPU
		{40A849C5-C8D7-4F76-856A-138AED73A6C3}.Release|Any CPU.ActiveCfg = Release|Any CPU
		{40A849C5-C8D7-4F76-856A-138AED73A6C3}.Release|Any CPU.Build.0 = Release|Any CPU
		{3EFAACD8-CF5E-4E31-884B-6B9F87F1E495}.Debug|Any CPU.ActiveCfg = Debug|Any CPU
		{3EFAACD8-CF5E-4E31-884B-6B9F87F1E495}.Debug|Any CPU.Build.0 = Debug|Any CPU
		{3EFAACD8-CF5E-4E31-884B-6B9F87F1E495}.Release|Any CPU.ActiveCfg = Release|Any CPU
		{3EFAACD8-CF5E-4E31-884B-6B9F87F1E495}.Release|Any CPU.Build.0 = Release|Any CPU
		{4878A4FB-2C1E-4C06-BB42-AFE1ACE2A882}.Debug|Any CPU.ActiveCfg = Debug|Any CPU
		{4878A4FB-2C1E-4C06-BB42-AFE1ACE2A882}.Debug|Any CPU.Build.0 = Debug|Any CPU
		{4878A4FB-2C1E-4C06-BB42-AFE1ACE2A882}.Release|Any CPU.ActiveCfg = Release|Any CPU
		{4878A4FB-2C1E-4C06-BB42-AFE1ACE2A882}.Release|Any CPU.Build.0 = Release|Any CPU
		{79451079-0453-4FCF-B929-486F29A921A3}.Debug|Any CPU.ActiveCfg = Debug|Any CPU
		{79451079-0453-4FCF-B929-486F29A921A3}.Debug|Any CPU.Build.0 = Debug|Any CPU
		{79451079-0453-4FCF-B929-486F29A921A3}.Release|Any CPU.ActiveCfg = Release|Any CPU
		{79451079-0453-4FCF-B929-486F29A921A3}.Release|Any CPU.Build.0 = Release|Any CPU
		{BE9741AF-8BA6-4314-BD8B-12D45AD40BCB}.Debug|Any CPU.ActiveCfg = Debug|Any CPU
		{BE9741AF-8BA6-4314-BD8B-12D45AD40BCB}.Debug|Any CPU.Build.0 = Debug|Any CPU
		{BE9741AF-8BA6-4314-BD8B-12D45AD40BCB}.Release|Any CPU.ActiveCfg = Release|Any CPU
		{BE9741AF-8BA6-4314-BD8B-12D45AD40BCB}.Release|Any CPU.Build.0 = Release|Any CPU
		{B35C230E-153B-4D97-9CB6-87009205E632}.Debug|Any CPU.ActiveCfg = Debug|Any CPU
		{B35C230E-153B-4D97-9CB6-87009205E632}.Debug|Any CPU.Build.0 = Debug|Any CPU
		{B35C230E-153B-4D97-9CB6-87009205E632}.Release|Any CPU.ActiveCfg = Release|Any CPU
		{B35C230E-153B-4D97-9CB6-87009205E632}.Release|Any CPU.Build.0 = Release|Any CPU
		{437A3000-7858-4627-BDA9-5E80871DFE02}.Debug|Any CPU.ActiveCfg = Debug|Any CPU
		{437A3000-7858-4627-BDA9-5E80871DFE02}.Debug|Any CPU.Build.0 = Debug|Any CPU
		{437A3000-7858-4627-BDA9-5E80871DFE02}.Release|Any CPU.ActiveCfg = Release|Any CPU
		{437A3000-7858-4627-BDA9-5E80871DFE02}.Release|Any CPU.Build.0 = Release|Any CPU
		{F6AF43B9-6C04-43EB-8FFB-04A8B64196AB}.Debug|Any CPU.ActiveCfg = Debug|Any CPU
		{F6AF43B9-6C04-43EB-8FFB-04A8B64196AB}.Debug|Any CPU.Build.0 = Debug|Any CPU
		{F6AF43B9-6C04-43EB-8FFB-04A8B64196AB}.Release|Any CPU.ActiveCfg = Release|Any CPU
		{F6AF43B9-6C04-43EB-8FFB-04A8B64196AB}.Release|Any CPU.Build.0 = Release|Any CPU
		{50B31BF5-F66F-4ED4-8D9F-C874264A1030}.Debug|Any CPU.ActiveCfg = Debug|Any CPU
		{50B31BF5-F66F-4ED4-8D9F-C874264A1030}.Debug|Any CPU.Build.0 = Debug|Any CPU
		{50B31BF5-F66F-4ED4-8D9F-C874264A1030}.Release|Any CPU.ActiveCfg = Release|Any CPU
		{50B31BF5-F66F-4ED4-8D9F-C874264A1030}.Release|Any CPU.Build.0 = Release|Any CPU
		{077DB696-B758-48B9-8775-2AD0039281D4}.Debug|Any CPU.ActiveCfg = Debug|Any CPU
		{077DB696-B758-48B9-8775-2AD0039281D4}.Debug|Any CPU.Build.0 = Debug|Any CPU
		{077DB696-B758-48B9-8775-2AD0039281D4}.Release|Any CPU.ActiveCfg = Release|Any CPU
		{077DB696-B758-48B9-8775-2AD0039281D4}.Release|Any CPU.Build.0 = Release|Any CPU
	EndGlobalSection
	GlobalSection(SolutionProperties) = preSolution
		HideSolutionNode = FALSE
	EndGlobalSection
	GlobalSection(NestedProjects) = preSolution
		{596A8700-3D18-4A62-B200-1F78A9EA4617} = {7080D95A-39E8-418A-BA03-99ED89D4020E}
		{63505329-BD97-4C75-B7D7-77FB42670E79} = {1DF607A2-5750-4BF4-AB2F-E21EC51ECCA0}
		{62B652DE-4CC9-4B85-8AE9-D66CEEA358DD} = {7080D95A-39E8-418A-BA03-99ED89D4020E}
		{701DA58B-AE36-429F-8621-64109B8D29D7} = {7080D95A-39E8-418A-BA03-99ED89D4020E}
		{9CC062C7-73EA-49B4-B694-31A5F48FD09D} = {1DF607A2-5750-4BF4-AB2F-E21EC51ECCA0}
		{C6C3E419-B9AA-44AD-9DBF-789294687AE6} = {7080D95A-39E8-418A-BA03-99ED89D4020E}
		{5B8FFFD3-9A1C-4620-9DB3-CD76CD9E79BF} = {7080D95A-39E8-418A-BA03-99ED89D4020E}
		{0B70B4FD-F5A0-4A6C-A3FD-90031E08C1C2} = {7080D95A-39E8-418A-BA03-99ED89D4020E}
		{25F6B88A-4EFA-4516-BB7A-34ED68548636} = {1DF607A2-5750-4BF4-AB2F-E21EC51ECCA0}
		{6D227AA7-FF90-48CA-B13D-ED23C1FFFBA5} = {7080D95A-39E8-418A-BA03-99ED89D4020E}
		{B53007C7-B314-40DF-B6E7-6C6576A5611C} = {1DF607A2-5750-4BF4-AB2F-E21EC51ECCA0}
		{5E3745FC-CA80-4D0F-8A25-20EE0F9CF163} = {7080D95A-39E8-418A-BA03-99ED89D4020E}
		{CA376D7C-2A71-4518-B297-4C4A08DBF19D} = {1DF607A2-5750-4BF4-AB2F-E21EC51ECCA0}
		{8BF8E0BD-B92C-4FC1-BE17-7C10036A2FE2} = {7080D95A-39E8-418A-BA03-99ED89D4020E}
		{2438B31A-3A39-4878-81FA-BE5AE715EAE5} = {7080D95A-39E8-418A-BA03-99ED89D4020E}
		{B8BB212C-8AFC-4258-A023-EB1F6937F53D} = {7080D95A-39E8-418A-BA03-99ED89D4020E}
		{40A849C5-C8D7-4F76-856A-138AED73A6C3} = {7080D95A-39E8-418A-BA03-99ED89D4020E}
		{3EFAACD8-CF5E-4E31-884B-6B9F87F1E495} = {7080D95A-39E8-418A-BA03-99ED89D4020E}
		{4878A4FB-2C1E-4C06-BB42-AFE1ACE2A882} = {7080D95A-39E8-418A-BA03-99ED89D4020E}
		{79451079-0453-4FCF-B929-486F29A921A3} = {1DF607A2-5750-4BF4-AB2F-E21EC51ECCA0}
		{BE9741AF-8BA6-4314-BD8B-12D45AD40BCB} = {1DF607A2-5750-4BF4-AB2F-E21EC51ECCA0}
		{B35C230E-153B-4D97-9CB6-87009205E632} = {7080D95A-39E8-418A-BA03-99ED89D4020E}
		{437A3000-7858-4627-BDA9-5E80871DFE02} = {7080D95A-39E8-418A-BA03-99ED89D4020E}
		{F6AF43B9-6C04-43EB-8FFB-04A8B64196AB} = {7080D95A-39E8-418A-BA03-99ED89D4020E}
		{50B31BF5-F66F-4ED4-8D9F-C874264A1030} = {7080D95A-39E8-418A-BA03-99ED89D4020E}
		{077DB696-B758-48B9-8775-2AD0039281D4} = {1DF607A2-5750-4BF4-AB2F-E21EC51ECCA0}
	EndGlobalSection
	GlobalSection(ExtensibilityGlobals) = postSolution
		SolutionGuid = {983C3AB4-301E-47A3-93FF-2E4BD8F2090F}
	EndGlobalSection
EndGlobal
